dependencies:
- name: sgi-webapp
  repository: file://../sgi-webapp
  version: 0.1.4
- name: sgi-service
  repository: file://../sgi-service
  version: 0.1.8
- name: sgi-service
  repository: file://../sgi-service
  version: 0.1.8
- name: sgi-service
  repository: file://../sgi-service
  version: 0.1.8
- name: sgi-service
  repository: file://../sgi-service
  version: 0.1.8
- name: sgi-service
  repository: file://../sgi-service
  version: 0.1.8
- name: sgi-service
  repository: file://../sgi-service
  version: 0.1.8
- name: sgi-service
  repository: file://../sgi-service
  version: 0.1.8
- name: sgi-service
  repository: file://../sgi-service
  version: 0.1.8
- name: sgi-service
  repository: file://../sgi-service
  version: 0.1.8
- name: sgi-service
  repository: file://../sgi-service
  version: 0.1.8
- name: sgi-service
  repository: file://../sgi-service
  version: 0.1.8
- name: sgi-keycloak
  repository: file://../sgi-keycloak
  version: 0.1.17
- name: sgi-esb
  repository: file://../sgi-esb
  version: 0.1.25
- name: sgi-esb-external
  repository: file://../sgi-esb-external
  version: 0.2.3
- name: sgi-esb-external
  repository: file://../sgi-esb-external
  version: 0.2.3
- name: sgi-esb-external
  repository: file://../sgi-esb-external
  version: 0.2.3
- name: sgi-esb-external
  repository: file://../sgi-esb-external
  version: 0.2.3
- name: sgi-esb-external
  repository: file://../sgi-esb-external
  version: 0.2.3
- name: postgresql
  repository: https://charts.bitnami.com/bitnami
  version: 12.1.9
digest: sha256:5fc4eca9ca90258a913c47e8c7c8e6b2e1c3f7c9c11e2eafdb16b93958c9d638
generated: "2024-08-08T12:21:30.415127253+02:00"
